<?xml version="1.0" encoding="UTF-8" standalone="yes" ?>
<CodeBlocks_project_file>
	<FileVersion major="1" minor="6" />
	<Project>
		<Option title="daemonpro" />
		<Option pch_mode="2" />
		<Option compiler="gcc" />
		<Option virtualFolders="watchdog/;Data/;Support file/;" />
		<Build>
			<Target title="Debug">
				<Option output="bin/Debug/daemonpro" prefix_auto="1" extension_auto="1" />
				<Option object_output="obj/Debug/" />
				<Option type="1" />
				<Option compiler="gcc" />
				<Compiler>
					<Add option="-g" />
				</Compiler>
			</Target>
			<Target title="Release">
				<Option output="bin/Release/daemonpro" prefix_auto="1" extension_auto="1" />
				<Option object_output="obj/Release/" />
				<Option type="1" />
				<Option compiler="gcc" />
				<Compiler>
					<Add option="-O2" />
				</Compiler>
				<Linker>
					<Add option="-s" />
				</Linker>
			</Target>
		</Build>
		<Compiler>
			<Add option="-Wall" />
		</Compiler>
		<Linker>
			<Add option="-I pthread" />
			<Add library="/usr/lib/arm-linux-gnueabihf/libpthread.so" />
		</Linker>
		<Unit filename="desEncryption.c">
			<Option compilerVar="CC" />
			<Option virtualFolder="Support file/" />
		</Unit>
		<Unit filename="desEncryption.h">
			<Option virtualFolder="Support file/" />
		</Unit>
		<Unit filename="encryption.c">
			<Option compilerVar="CC" />
			<Option virtualFolder="Data/" />
		</Unit>
		<Unit filename="encryption.h">
			<Option virtualFolder="Data/" />
		</Unit>
		<Unit filename="main.c">
			<Option compilerVar="CC" />
		</Unit>
		<Unit filename="msgprocess.c">
			<Option compilerVar="CC" />
			<Option virtualFolder="Data/" />
		</Unit>
		<Unit filename="msgprocess.h">
			<Option virtualFolder="Data/" />
		</Unit>
		<Unit filename="watchdog_pro.c">
			<Option compilerVar="CC" />
			<Option virtualFolder="watchdog/" />
		</Unit>
		<Unit filename="watchdog_pro.h">
			<Option virtualFolder="watchdog/" />
		</Unit>
		<Extensions>
			<code_completion />
			<debugger />
			<envvars />
		</Extensions>
	</Project>
</CodeBlocks_project_file>
